
Microsoft Visual Studio Solution File, Format Version 12.00
# Visual Studio Version 17
VisualStudioVersion = 17.7.34202.233
MinimumVisualStudioVersion = 10.0.40219.1
Project("{9A19103F-16F7-4668-BE54-9A1E7A4F7556}") = "PieShop.API", "PieShop.API\PieShop.API.csproj", "{71874444-5163-4FED-9EE5-D45DF41CD85D}"
EndProject
Project("{9A19103F-16F7-4668-BE54-9A1E7A4F7556}") = "PieShopStockApp", "PieShopStockApp.Mobile\PieShopStockApp.csproj", "{13CA16EE-2877-469E-AF3B-C55E6FF91341}"
EndProject
Global
	GlobalSection(SolutionConfigurationPlatforms) = preSolution
		Debug|Any CPU = Debug|Any CPU
		Release|Any CPU = Release|Any CPU
	EndGlobalSection
	GlobalSection(ProjectConfigurationPlatforms) = postSolution
		{71874444-5163-4FED-9EE5-D45DF41CD85D}.Debug|Any CPU.ActiveCfg = Debug|Any CPU
		{71874444-5163-4FED-9EE5-D45DF41CD85D}.Debug|Any CPU.Build.0 = Debug|Any CPU
		{71874444-5163-4FED-9EE5-D45DF41CD85D}.Release|Any CPU.ActiveCfg = Release|Any CPU
		{71874444-5163-4FED-9EE5-D45DF41CD85D}.Release|Any CPU.Build.0 = Release|Any CPU
		{13CA16EE-2877-469E-AF3B-C55E6FF91341}.Debug|Any CPU.ActiveCfg = Debug|Any CPU
		{13CA16EE-2877-469E-AF3B-C55E6FF91341}.Debug|Any CPU.Build.0 = Debug|Any CPU
		{13CA16EE-2877-469E-AF3B-C55E6FF91341}.Debug|Any CPU.Deploy.0 = Debug|Any CPU
		{13CA16EE-2877-469E-AF3B-C55E6FF91341}.Release|Any CPU.ActiveCfg = Release|Any CPU
		{13CA16EE-2877-469E-AF3B-C55E6FF91341}.Release|Any CPU.Build.0 = Release|Any CPU
		{13CA16EE-2877-469E-AF3B-C55E6FF91341}.Release|Any CPU.Deploy.0 = Release|Any CPU
	EndGlobalSection
	GlobalSection(SolutionProperties) = preSolution
		HideSolutionNode = FALSE
	EndGlobalSection
	GlobalSection(ExtensibilityGlobals) = postSolution
		SolutionGuid = {912DB179-BDB0-4C66-9582-31A439238E17}
	EndGlobalSection
EndGlobal
